<?xml version="1.0" encoding="utf-8"?>
<Project ToolsVersion="4.0" xmlns="http://schemas.microsoft.com/developer/msbuild/2003">
  <ItemGroup>
    <Filter Include="Source Files">
      <UniqueIdentifier>{4FC737F1-C7A5-4376-A066-2A32D752A2FF}</UniqueIdentifier>
      <Extensions>cpp;c;cc;cxx;def;odl;idl;hpj;bat;asm;asmx</Extensions>
    </Filter>
    <Filter Include="Header Files">
      <UniqueIdentifier>{93995380-89BD-4b04-88EB-625FBE52EBFB}</UniqueIdentifier>
      <Extensions>h;hh;hpp;hxx;hm;inl;inc;xsd</Extensions>
    </Filter>
    <Filter Include="Resource Files">
      <UniqueIdentifier>{67DA6AB6-F800-4c08-8B7A-83BB121AAD01}</UniqueIdentifier>
      <Extensions>rc;ico;cur;bmp;dlg;rc2;rct;bin;rgs;gif;jpg;jpeg;jpe;resx;tiff;tif;png;wav;mfcribbon-ms</Extensions>
    </Filter>
    <Filter Include="Header Files\TreeRelatedProblem">
      <UniqueIdentifier>{49d5780e-e8b6-4c6f-9200-a75053c90ac9}</UniqueIdentifier>
    </Filter>
    <Filter Include="Header Files\LinearProblem">
      <UniqueIdentifier>{0e68b0a4-7890-4ac0-a42c-413f4fc3f42f}</UniqueIdentifier>
    </Filter>
  </ItemGroup>
  <ItemGroup>
    <ClCompile Include="main.cpp">
      <Filter>Source Files</Filter>
    </ClCompile>
    <ClCompile Include="CloneGraph.cpp">
      <Filter>Source Files</Filter>
    </ClCompile>
    <ClCompile Include="FindNode.cpp">
      <Filter>Source Files</Filter>
    </ClCompile>
    <ClCompile Include="DeleteANode.cpp">
      <Filter>Source Files</Filter>
    </ClCompile>
    <ClCompile Include="57-InsertInterval.cpp">
      <Filter>Source Files</Filter>
    </ClCompile>
    <ClCompile Include="GraphStudyStuff.cpp">
      <Filter>Source Files</Filter>
    </ClCompile>
    <ClCompile Include="LinkedList.cpp">
      <Filter>Source Files</Filter>
    </ClCompile>
    <ClCompile Include="Leet226-InvertBinaryTree.cpp">
      <Filter>Source Files</Filter>
    </ClCompile>
    <ClCompile Include="leet236lowestcommonancestor.cpp">
      <Filter>Source Files</Filter>
    </ClCompile>
    <ClCompile Include="leet19RemoveNthNodeFromLinkedList.cpp">
      <Filter>Source Files</Filter>
    </ClCompile>
    <ClCompile Include="leet21MergeTwoSrtedLinkedList.cpp">
      <Filter>Source Files</Filter>
    </ClCompile>
    <ClCompile Include="leet64MinimumPathSum.cpp">
      <Filter>Source Files</Filter>
    </ClCompile>
    <ClCompile Include="SimpleDynamicProblem-FindSetsOfASum.cpp">
      <Filter>Source Files</Filter>
    </ClCompile>
    <ClCompile Include="leet39CombinationSum.cpp">
      <Filter>Source Files</Filter>
    </ClCompile>
    <ClCompile Include="leet1twosum.cpp">
      <Filter>Source Files</Filter>
    </ClCompile>
    <ClCompile Include="Leet94BinaryTreeInorderTraverse.cpp">
      <Filter>Source Files</Filter>
    </ClCompile>
    <ClCompile Include="leet100SameTree.cpp">
      <Filter>Source Files</Filter>
    </ClCompile>
    <ClCompile Include="leet98ValidateBinaryTree.cpp">
      <Filter>Source Files</Filter>
    </ClCompile>
    <ClCompile Include="Leet95UniqueBinarySearchTrees2.cpp">
      <Filter>Source Files</Filter>
    </ClCompile>
    <ClCompile Include="Leet153sum.cpp">
      <Filter>Source Files</Filter>
    </ClCompile>
    <ClCompile Include="Leet200NumofIslands.cpp">
      <Filter>Source Files</Filter>
    </ClCompile>
  </ItemGroup>
  <ItemGroup>
    <ClInclude Include="GraphStudyStuff.h">
      <Filter>Header Files</Filter>
    </ClInclude>
    <ClInclude Include="LinkedList.h">
      <Filter>Header Files</Filter>
    </ClInclude>
    <ClInclude Include="ManyPrerequisites.h">
      <Filter>Header Files</Filter>
    </ClInclude>
    <ClInclude Include="LeetCodeTestInterface.h">
      <Filter>Header Files</Filter>
    </ClInclude>
    <ClInclude Include="P300LongestSubsequenceArray.h">
      <Filter>Header Files\LinearProblem</Filter>
    </ClInclude>
    <ClInclude Include="P16-3SumClosest.h">
      <Filter>Header Files\LinearProblem</Filter>
    </ClInclude>
    <ClInclude Include="P18-4Sum.h">
      <Filter>Header Files\LinearProblem</Filter>
    </ClInclude>
    <ClInclude Include="Leet144BinaryTreePreorderTraverse.h">
      <Filter>Header Files\TreeRelatedProblem</Filter>
    </ClInclude>
    <ClInclude Include="P146-LRUCache.h">
      <Filter>Header Files\LinearProblem</Filter>
    </ClInclude>
    <ClInclude Include="P460-LFUCache.h">
      <Filter>Header Files\LinearProblem</Filter>
    </ClInclude>
  </ItemGroup>
</Project>